// !$*UTF8*$!
{
	archiveVersion = 1;
	classes = {
	};
	objectVersion = 46;
	objects = {

/* Begin PBXBuildFile section */
		8B18A58A1D01D7EA009E1F06 /* AppDelegate.swift in Sources */ = {isa = PBXBuildFile; fileRef = 8B18A5891D01D7EA009E1F06 /* AppDelegate.swift */; };
		8B18A58C1D01D7EA009E1F06 /* ViewController.swift in Sources */ = {isa = PBXBuildFile; fileRef = 8B18A58B1D01D7EA009E1F06 /* ViewController.swift */; };
		8B18A58F1D01D7EA009E1F06 /* Main.storyboard in Resources */ = {isa = PBXBuildFile; fileRef = 8B18A58D1D01D7EA009E1F06 /* Main.storyboard */; };
		8B18A5921D01D7EA009E1F06 /* CodeP.xcdatamodeld in Sources */ = {isa = PBXBuildFile; fileRef = 8B18A5901D01D7EA009E1F06 /* CodeP.xcdatamodeld */; };
		8B18A5941D01D7EA009E1F06 /* Assets.xcassets in Resources */ = {isa = PBXBuildFile; fileRef = 8B18A5931D01D7EA009E1F06 /* Assets.xcassets */; };
		8B18A5971D01D7EA009E1F06 /* LaunchScreen.storyboard in Resources */ = {isa = PBXBuildFile; fileRef = 8B18A5951D01D7EA009E1F06 /* LaunchScreen.storyboard */; };
		8B18A5A21D01D7EA009E1F06 /* CodePTests.swift in Sources */ = {isa = PBXBuildFile; fileRef = 8B18A5A11D01D7EA009E1F06 /* CodePTests.swift */; };
		8B18A5AD1D01D7EA009E1F06 /* CodePUITests.swift in Sources */ = {isa = PBXBuildFile; fileRef = 8B18A5AC1D01D7EA009E1F06 /* CodePUITests.swift */; };
/* End PBXBuildFile section */

/* Begin PBXContainerItemProxy section */
		8B18A59E1D01D7EA009E1F06 /* PBXContainerItemProxy */ = {
			isa = PBXContainerItemProxy;
			containerPortal = 8B18A57E1D01D7EA009E1F06 /* Project object */;
			proxyType = 1;
			remoteGlobalIDString = 8B18A5851D01D7EA009E1F06;
			remoteInfo = CodeP;
		};
		8B18A5A91D01D7EA009E1F06 /* PBXContainerItemProxy */ = {
			isa = PBXContainerItemProxy;
			containerPortal = 8B18A57E1D01D7EA009E1F06 /* Project object */;
			proxyType = 1;
			remoteGlobalIDString = 8B18A5851D01D7EA009E1F06;
			remoteInfo = CodeP;
		};
/* End PBXContainerItemProxy section */

/* Begin PBXFileReference section */
		8B18A5861D01D7EA009E1F06 /* CodeP.app */ = {isa = PBXFileReference; explicitFileType = wrapper.application; includeInIndex = 0; path = CodeP.app; sourceTree = BUILT_PRODUCTS_DIR; };
		8B18A5891D01D7EA009E1F06 /* AppDelegate.swift */ = {isa = PBXFileReference; lastKnownFileType = sourcecode.swift; path = AppDelegate.swift; sourceTree = "<group>"; };
		8B18A58B1D01D7EA009E1F06 /* ViewController.swift */ = {isa = PBXFileReference; lastKnownFileType = sourcecode.swift; path = ViewController.swift; sourceTree = "<group>"; };
		8B18A58E1D01D7EA009E1F06 /* Base */ = {isa = PBXFileReference; lastKnownFileType = file.storyboard; name = Base; path = Base.lproj/Main.storyboard; sourceTree = "<group>"; };
		8B18A5911D01D7EA009E1F06 /* CodeP.xcdatamodel */ = {isa = PBXFileReference; lastKnownFileType = wrapper.xcdatamodel; path = CodeP.xcdatamodel; sourceTree = "<group>"; };
		8B18A5931D01D7EA009E1F06 /* Assets.xcassets */ = {isa = PBXFileReference; lastKnownFileType = folder.assetcatalog; path = Assets.xcassets; sourceTree = "<group>"; };
		8B18A5961D01D7EA009E1F06 /* Base */ = {isa = PBXFileReference; lastKnownFileType = file.storyboard; name = Base; path = Base.lproj/LaunchScreen.storyboard; sourceTree = "<group>"; };
		8B18A5981D01D7EA009E1F06 /* Info.plist */ = {isa = PBXFileReference; lastKnownFileType = text.plist.xml; path = Info.plist; sourceTree = "<group>"; };
		8B18A59D1D01D7EA009E1F06 /* CodePTests.xctest */ = {isa = PBXFileReference; explicitFileType = wrapper.cfbundle; includeInIndex = 0; path = CodePTests.xctest; sourceTree = BUILT_PRODUCTS_DIR; };
		8B18A5A11D01D7EA009E1F06 /* CodePTests.swift */ = {isa = PBXFileReference; lastKnownFileType = sourcecode.swift; path = CodePTests.swift; sourceTree = "<group>"; };
		8B18A5A31D01D7EA009E1F06 /* Info.plist */ = {isa = PBXFileReference; lastKnownFileType = text.plist.xml; path = Info.plist; sourceTree = "<group>"; };
		8B18A5A81D01D7EA009E1F06 /* CodePUITests.xctest */ = {isa = PBXFileReference; explicitFileType = wrapper.cfbundle; includeInIndex = 0; path = CodePUITests.xctest; sourceTree = BUILT_PRODUCTS_DIR; };
		8B18A5AC1D01D7EA009E1F06 /* CodePUITests.swift */ = {isa = PBXFileReference; lastKnownFileType = sourcecode.swift; path = CodePUITests.swift; sourceTree = "<group>"; };
		8B18A5AE1D01D7EA009E1F06 /* Info.plist */ = {isa = PBXFileReference; lastKnownFileType = text.plist.xml; path = Info.plist; sourceTree = "<group>"; };
/* End PBXFileReference section */

/* Begin PBXFrameworksBuildPhase section */
		8B18A5831D01D7EA009E1F06 /* Frameworks */ = {
			isa = PBXFrameworksBuildPhase;
			buildActionMask = 2147483647;
			files = (
			);
			runOnlyForDeploymentPostprocessing = 0;
		};
		8B18A59A1D01D7EA009E1F06 /* Frameworks */ = {
			isa = PBXFrameworksBuildPhase;
			buildActionMask = 2147483647;
			files = (
			);
			runOnlyForDeploymentPostprocessing = 0;
		};
		8B18A5A51D01D7EA009E1F06 /* Frameworks */ = {
			isa = PBXFrameworksBuildPhase;
			buildActionMask = 2147483647;
			files = (
			);
			runOnlyForDeploymentPostprocessing = 0;
		};
/* End PBXFrameworksBuildPhase section */

/* Begin PBXGroup section */
		8B18A57D1D01D7EA009E1F06 = {
			isa = PBXGroup;
			children = (
				8B18A5881D01D7EA009E1F06 /* CodeP */,
				8B18A5A01D01D7EA009E1F06 /* CodePTests */,
				8B18A5AB1D01D7EA009E1F06 /* CodePUITests */,
				8B18A5871D01D7EA009E1F06 /* Products */,
			);
			sourceTree = "<group>";
		};
		8B18A5871D01D7EA009E1F06 /* Products */ = {
			isa = PBXGroup;
			children = (
				8B18A5861D01D7EA009E1F06 /* CodeP.app */,
				8B18A59D1D01D7EA009E1F06 /* CodePTests.xctest */,
				8B18A5A81D01D7EA009E1F06 /* CodePUITests.xctest */,
			);
			name = Products;
			sourceTree = "<group>";
		};
		8B18A5881D01D7EA009E1F06 /* CodeP */ = {
			isa = PBXGroup;
			children = (
				8B18A5891D01D7EA009E1F06 /* AppDelegate.swift */,
				8B18A58B1D01D7EA009E1F06 /* ViewController.swift */,
				8B18A58D1D01D7EA009E1F06 /* Main.storyboard */,
				8B18A5931D01D7EA009E1F06 /* Assets.xcassets */,
				8B18A5951D01D7EA009E1F06 /* LaunchScreen.storyboard */,
				8B18A5981D01D7EA009E1F06 /* Info.plist */,
				8B18A5901D01D7EA009E1F06 /* CodeP.xcdatamodeld */,
			);
			path = CodeP;
			sourceTree = "<group>";
		};
		8B18A5A01D01D7EA009E1F06 /* CodePTests */ = {
			isa = PBXGroup;
			children = (
				8B18A5A11D01D7EA009E1F06 /* CodePTests.swift */,
				8B18A5A31D01D7EA009E1F06 /* Info.plist */,
			);
			path = CodePTests;
			sourceTree = "<group>";
		};
		8B18A5AB1D01D7EA009E1F06 /* CodePUITests */ = {
			isa = PBXGroup;
			children = (
				8B18A5AC1D01D7EA009E1F06 /* CodePUITests.swift */,
				8B18A5AE1D01D7EA009E1F06 /* Info.plist */,
			);
			path = CodePUITests;
			sourceTree = "<group>";
		};
/* End PBXGroup section */

/* Begin PBXNativeTarget section */
		8B18A5851D01D7EA009E1F06 /* CodeP */ = {
			isa = PBXNativeTarget;
			buildConfigurationList = 8B18A5B11D01D7EA009E1F06 /* Build configuration list for PBXNativeTarget "CodeP" */;
			buildPhases = (
				8B18A5821D01D7EA009E1F06 /* Sources */,
				8B18A5831D01D7EA009E1F06 /* Frameworks */,
				8B18A5841D01D7EA009E1F06 /* Resources */,
			);
			buildRules = (
			);
			dependencies = (
			);
			name = CodeP;
			productName = CodeP;
			productReference = 8B18A5861D01D7EA009E1F06 /* CodeP.app */;
			productType = "com.apple.product-type.application";
		};
		8B18A59C1D01D7EA009E1F06 /* CodePTests */ = {
			isa = PBXNativeTarget;
			buildConfigurationList = 8B18A5B41D01D7EA009E1F06 /* Build configuration list for PBXNativeTarget "CodePTests" */;
			buildPhases = (
				8B18A5991D01D7EA009E1F06 /* Sources */,
				8B18A59A1D01D7EA009E1F06 /* Frameworks */,
				8B18A59B1D01D7EA009E1F06 /* Resources */,
			);
			buildRules = (
			);
			dependencies = (
				8B18A59F1D01D7EA009E1F06 /* PBXTargetDependency */,
			);
			name = CodePTests;
			productName = CodePTests;
			productReference = 8B18A59D1D01D7EA009E1F06 /* CodePTests.xctest */;
			productType = "com.apple.product-type.bundle.unit-test";
		};
		8B18A5A71D01D7EA009E1F06 /* CodePUITests */ = {
			isa = PBXNativeTarget;
			buildConfigurationList = 8B18A5B71D01D7EA009E1F06 /* Build configuration list for PBXNativeTarget "CodePUITests" */;
			buildPhases = (
				8B18A5A41D01D7EA009E1F06 /* Sources */,
				8B18A5A51D01D7EA009E1F06 /* Frameworks */,
				8B18A5A61D01D7EA009E1F06 /* Resources */,
			);
			buildRules = (
			);
			dependencies = (
				8B18A5AA1D01D7EA009E1F06 /* PBXTargetDependency */,
			);
			name = CodePUITests;
			productName = CodePUITests;
			productReference = 8B18A5A81D01D7EA009E1F06 /* CodePUITests.xctest */;
			productType = "com.apple.product-type.bundle.ui-testing";
		};
/* End PBXNativeTarget section */

/* Begin PBXProject section */
		8B18A57E1D01D7EA009E1F06 /* Project object */ = {
			isa = PBXProject;
			attributes = {
				LastSwiftUpdateCheck = 0730;
				LastUpgradeCheck = 0730;
				ORGANIZATIONNAME = MarkYueng;
				TargetAttributes = {
					8B18A5851D01D7EA009E1F06 = {
						CreatedOnToolsVersion = 7.3.1;
					};
					8B18A59C1D01D7EA009E1F06 = {
						CreatedOnToolsVersion = 7.3.1;
						TestTargetID = 8B18A5851D01D7EA009E1F06;
					};
					8B18A5A71D01D7EA009E1F06 = {
						CreatedOnToolsVersion = 7.3.1;
						TestTargetID = 8B18A5851D01D7EA009E1F06;
					};
				};
			};
			buildConfigurationList = 8B18A5811D01D7EA009E1F06 /* Build configuration list for PBXProject "CodeP" */;
			compatibilityVersion = "Xcode 3.2";
			developmentRegion = English;
			hasScannedForEncodings = 0;
			knownRegions = (
				en,
				Base,
			);
			mainGroup = 8B18A57D1D01D7EA009E1F06;
			productRefGroup = 8B18A5871D01D7EA009E1F06 /* Products */;
			projectDirPath = "";
			projectRoot = "";
			targets = (
				8B18A5851D01D7EA009E1F06 /* CodeP */,
				8B18A59C1D01D7EA009E1F06 /* CodePTests */,
				8B18A5A71D01D7EA009E1F06 /* CodePUITests */,
			);
		};
/* End PBXProject section */

/* Begin PBXResourcesBuildPhase section */
		8B18A5841D01D7EA009E1F06 /* Resources */ = {
			isa = PBXResourcesBuildPhase;
			buildActionMask = 2147483647;
			files = (
				8B18A5971D01D7EA009E1F06 /* LaunchScreen.storyboard in Resources */,
				8B18A5941D01D7EA009E1F06 /* Assets.xcassets in Resources */,
				8B18A58F1D01D7EA009E1F06 /* Main.storyboard in Resources */,
			);
			runOnlyForDeploymentPostprocessing = 0;
		};
		8B18A59B1D01D7EA009E1F06 /* Resources */ = {
			isa = PBXResourcesBuildPhase;
			buildActionMask = 2147483647;
			files = (
			);
			runOnlyForDeploymentPostprocessing = 0;
		};
		8B18A5A61D01D7EA009E1F06 /* Resources */ = {
			isa = PBXResourcesBuildPhase;
			buildActionMask = 2147483647;
			files = (
			);
			runOnlyForDeploymentPostprocessing = 0;
		};
/* End PBXResourcesBuildPhase section */

/* Begin PBXSourcesBuildPhase section */
		8B18A5821D01D7EA009E1F06 /* Sources */ = {
			isa = PBXSourcesBuildPhase;
			buildActionMask = 2147483647;
			files = (
				8B18A5921D01D7EA009E1F06 /* CodeP.xcdatamodeld in Sources */,
				8B18A58C1D01D7EA009E1F06 /* ViewController.swift in Sources */,
				8B18A58A1D01D7EA009E1F06 /* AppDelegate.swift in Sources */,
			);
			runOnlyForDeploymentPostprocessing = 0;
		};
		8B18A5991D01D7EA009E1F06 /* Sources */ = {
			isa = PBXSourcesBuildPhase;
			buildActionMask = 2147483647;
			files = (
				8B18A5A21D01D7EA009E1F06 /* CodePTests.swift in Sources */,
			);
			runOnlyForDeploymentPostprocessing = 0;
		};
		8B18A5A41D01D7EA009E1F06 /* Sources */ = {
			isa = PBXSourcesBuildPhase;
			buildActionMask = 2147483647;
			files = (
				8B18A5AD1D01D7EA009E1F06 /* CodePUITests.swift in Sources */,
			);
			runOnlyForDeploymentPostprocessing = 0;
		};
/* End PBXSourcesBuildPhase section */

/* Begin PBXTargetDependency section */
		8B18A59F1D01D7EA009E1F06 /* PBXTargetDependency */ = {
			isa = PBXTargetDependency;
			target = 8B18A5851D01D7EA009E1F06 /* CodeP */;
			targetProxy = 8B18A59E1D01D7EA009E1F06 /* PBXContainerItemProxy */;
		};
		8B18A5AA1D01D7EA009E1F06 /* PBXTargetDependency */ = {
			isa = PBXTargetDependency;
			target = 8B18A5851D01D7EA009E1F06 /* CodeP */;
			targetProxy = 8B18A5A91D01D7EA009E1F06 /* PBXContainerItemProxy */;
		};
/* End PBXTargetDependency section */

/* Begin PBXVariantGroup section */
		8B18A58D1D01D7EA009E1F06 /* Main.storyboard */ = {
			isa = PBXVariantGroup;
			children = (
				8B18A58E1D01D7EA009E1F06 /* Base */,
			);
			name = Main.storyboard;
			sourceTree = "<group>";
		};
		8B18A5951D01D7EA009E1F06 /* LaunchScreen.storyboard */ = {
			isa = PBXVariantGroup;
			children = (
				8B18A5961D01D7EA009E1F06 /* Base */,
			);
			name = LaunchScreen.storyboard;
			sourceTree = "<group>";
		};
/* End PBXVariantGroup section */

/* Begin XCBuildConfiguration section */
		8B18A5AF1D01D7EA009E1F06 /* Debug */ = {
			isa = XCBuildConfiguration;
			buildSettings = {
				ALWAYS_SEARCH_USER_PATHS = NO;
				CLANG_ANALYZER_NONNULL = YES;
				CLANG_CXX_LANGUAGE_STANDARD = "gnu++0x";
				CLANG_CXX_LIBRARY = "libc++";
				CLANG_ENABLE_MODULES = YES;
				CLANG_ENABLE_OBJC_ARC = YES;
				CLANG_WARN_BOOL_CONVERSION = YES;
				CLANG_WARN_CONSTANT_CONVERSION = YES;
				CLANG_WARN_DIRECT_OBJC_ISA_USAGE = YES_ERROR;
				CLANG_WARN_EMPTY_BODY = YES;
				CLANG_WARN_ENUM_CONVERSION = YES;
				CLANG_WARN_INT_CONVERSION = YES;
				CLANG_WARN_OBJC_ROOT_CLASS = YES_ERROR;
				CLANG_WARN_UNREACHABLE_CODE = YES;
				CLANG_WARN__DUPLICATE_METHOD_MATCH = YES;
				"CODE_SIGN_IDENTITY[sdk=iphoneos*]" = "iPhone Developer";
				COPY_PHASE_STRIP = NO;
				DEBUG_INFORMATION_FORMAT = dwarf;
				ENABLE_STRICT_OBJC_MSGSEND = YES;
				ENABLE_TESTABILITY = YES;
				GCC_C_LANGUAGE_STANDARD = gnu99;
				GCC_DYNAMIC_NO_PIC = NO;
				GCC_NO_COMMON_BLOCKS = YES;
				GCC_OPTIMIZATION_LEVEL = 0;
				GCC_PREPROCESSOR_DEFINITIONS = (
					"DEBUG=1",
					"$(inherited)",
				);
				GCC_WARN_64_TO_32_BIT_CONVERSION = YES;
				GCC_WARN_ABOUT_RETURN_TYPE = YES_ERROR;
				GCC_WARN_UNDECLARED_SELECTOR = YES;
				GCC_WARN_UNINITIALIZED_AUTOS = YES_AGGRESSIVE;
				GCC_WARN_UNUSED_FUNCTION = YES;
				GCC_WARN_UNUSED_VARIABLE = YES;
				IPHONEOS_DEPLOYMENT_TARGET = 9.3;
				MTL_ENABLE_DEBUG_INFO = YES;
				ONLY_ACTIVE_ARCH = YES;
				SDKROOT = iphoneos;
				SWIFT_OPTIMIZATION_LEVEL = "-Onone";
			};
			name = Debug;
		};
		8B18A5B01D01D7EA009E1F06 /* Release */ = {
			isa = XCBuildConfiguration;
			buildSettings = {
				ALWAYS_SEARCH_USER_PATHS = NO;
				CLANG_ANALYZER_NONNULL = YES;
				CLANG_CXX_LANGUAGE_STANDARD = "gnu++0x";
				CLANG_CXX_LIBRARY = "libc++";
				CLANG_ENABLE_MODULES = YES;
				CLANG_ENABLE_OBJC_ARC = YES;
				CLANG_WARN_BOOL_CONVERSION = YES;
				CLANG_WARN_CONSTANT_CONVERSION = YES;
				CLANG_WARN_DIRECT_OBJC_ISA_USAGE = YES_ERROR;
				CLANG_WARN_EMPTY_BODY = YES;
				CLANG_WARN_ENUM_CONVERSION = YES;
				CLANG_WARN_INT_CONVERSION = YES;
				CLANG_WARN_OBJC_ROOT_CLASS = YES_ERROR;
				CLANG_WARN_UNREACHABLE_CODE = YES;
				CLANG_WARN__DUPLICATE_METHOD_MATCH = YES;
				"CODE_SIGN_IDENTITY[sdk=iphoneos*]" = "iPhone Developer";
				COPY_PHASE_STRIP = NO;
				DEBUG_INFORMATION_FORMAT = "dwarf-with-dsym";
				ENABLE_NS_ASSERTIONS = NO;
				ENABLE_STRICT_OBJC_MSGSEND = YES;
				GCC_C_LANGUAGE_STANDARD = gnu99;
				GCC_NO_COMMON_BLOCKS = YES;
				GCC_WARN_64_TO_32_BIT_CONVERSION = YES;
				GCC_WARN_ABOUT_RETURN_TYPE = YES_ERROR;
				GCC_WARN_UNDECLARED_SELECTOR = YES;
				GCC_WARN_UNINITIALIZED_AUTOS = YES_AGGRESSIVE;
				GCC_WARN_UNUSED_FUNCTION = YES;
				GCC_WARN_UNUSED_VARIABLE = YES;
				IPHONEOS_DEPLOYMENT_TARGET = 9.3;
				MTL_ENABLE_DEBUG_INFO = NO;
				SDKROOT = iphoneos;
				VALIDATE_PRODUCT = YES;
			};
			name = Release;
		};
		8B18A5B21D01D7EA009E1F06 /* Debug */ = {
			isa = XCBuildConfiguration;
			buildSettings = {
				ASSETCATALOG_COMPILER_APPICON_NAME = AppIcon;
				INFOPLIST_FILE = CodeP/Info.plist;
				LD_RUNPATH_SEARCH_PATHS = "$(inherited) @executable_path/Frameworks";
				PRODUCT_BUNDLE_IDENTIFIER = YU.CodeP;
				PRODUCT_NAME = "$(TARGET_NAME)";
			};
			name = Debug;
		};
		8B18A5B31D01D7EA009E1F06 /* Release */ = {
			isa = XCBuildConfiguration;
			buildSettings = {
				ASSETCATALOG_COMPILER_APPICON_NAME = AppIcon;
				INFOPLIST_FILE = CodeP/Info.plist;
				LD_RUNPATH_SEARCH_PATHS = "$(inherited) @executable_path/Frameworks";
				PRODUCT_BUNDLE_IDENTIFIER = YU.CodeP;
				PRODUCT_NAME = "$(TARGET_NAME)";
			};
			name = Release;
		};
		8B18A5B51D01D7EA009E1F06 /* Debug */ = {
			isa = XCBuildConfiguration;
			buildSettings = {
				BUNDLE_LOADER = "$(TEST_HOST)";
				INFOPLIST_FILE = CodePTests/Info.plist;
				LD_RUNPATH_SEARCH_PATHS = "$(inherited) @executable_path/Frameworks @loader_path/Frameworks";
				PRODUCT_BUNDLE_IDENTIFIER = YU.CodePTests;
				PRODUCT_NAME = "$(TARGET_NAME)";
				TEST_HOST = "$(BUILT_PRODUCTS_DIR)/CodeP.app/CodeP";
			};
			name = Debug;
		};
		8B18A5B61D01D7EA009E1F06 /* Release */ = {
			isa = XCBuildConfiguration;
			buildSettings = {
				BUNDLE_LOADER = "$(TEST_HOST)";
				INFOPLIST_FILE = CodePTests/Info.plist;
				LD_RUNPATH_SEARCH_PATHS = "$(inherited) @executable_path/Frameworks @loader_path/Frameworks";
				PRODUCT_BUNDLE_IDENTIFIER = YU.CodePTests;
				PRODUCT_NAME = "$(TARGET_NAME)";
				TEST_HOST = "$(BUILT_PRODUCTS_DIR)/CodeP.app/CodeP";
			};
			name = Release;
		};
		8B18A5B81D01D7EA009E1F06 /* Debug */ = {
			isa = XCBuildConfiguration;
			buildSettings = {
				INFOPLIST_FILE = CodePUITests/Info.plist;
				LD_RUNPATH_SEARCH_PATHS = "$(inherited) @executable_path/Frameworks @loader_path/Frameworks";
				PRODUCT_BUNDLE_IDENTIFIER = YU.CodePUITests;
				PRODUCT_NAME = "$(TARGET_NAME)";
				TEST_TARGET_NAME = CodeP;
			};
			name = Debug;
		};
		8B18A5B91D01D7EA009E1F06 /* Release */ = {
			isa = XCBuildConfiguration;
			buildSettings = {
				INFOPLIST_FILE = CodePUITests/Info.plist;
				LD_RUNPATH_SEARCH_PATHS = "$(inherited) @executable_path/Frameworks @loader_path/Frameworks";
				PRODUCT_BUNDLE_IDENTIFIER = YU.CodePUITests;
				PRODUCT_NAME = "$(TARGET_NAME)";
				TEST_TARGET_NAME = CodeP;
			};
			name = Release;
		};
/* End XCBuildConfiguration section */

/* Begin XCConfigurationList section */
		8B18A5811D01D7EA009E1F06 /* Build configuration list for PBXProject "CodeP" */ = {
			isa = XCConfigurationList;
			buildConfigurations = (
				8B18A5AF1D01D7EA009E1F06 /* Debug */,
				8B18A5B01D01D7EA009E1F06 /* Release */,
			);
			defaultConfigurationIsVisible = 0;
			defaultConfigurationName = Release;
		};
		8B18A5B11D01D7EA009E1F06 /* Build configuration list for PBXNativeTarget "CodeP" */ = {
			isa = XCConfigurationList;
			buildConfigurations = (
				8B18A5B21D01D7EA009E1F06 /* Debug */,
				8B18A5B31D01D7EA009E1F06 /* Release */,
			);
			defaultConfigurationIsVisible = 0;
		};
		8B18A5B41D01D7EA009E1F06 /* Build configuration list for PBXNativeTarget "CodePTests" */ = {
			isa = XCConfigurationList;
			buildConfigurations = (
				8B18A5B51D01D7EA009E1F06 /* Debug */,
				8B18A5B61D01D7EA009E1F06 /* Release */,
			);
			defaultConfigurationIsVisible = 0;
		};
		8B18A5B71D01D7EA009E1F06 /* Build configuration list for PBXNativeTarget "CodePUITests" */ = {
			isa = XCConfigurationList;
			buildConfigurations = (
				8B18A5B81D01D7EA009E1F06 /* Debug */,
				8B18A5B91D01D7EA009E1F06 /* Release */,
			);
			defaultConfigurationIsVisible = 0;
		};
/* End XCConfigurationList section */

/* Begin XCVersionGroup section */
		8B18A5901D01D7EA009E1F06 /* CodeP.xcdatamodeld */ = {
			isa = XCVersionGroup;
			children = (
				8B18A5911D01D7EA009E1F06 /* CodeP.xcdatamodel */,
			);
			currentVersion = 8B18A5911D01D7EA009E1F06 /* CodeP.xcdatamodel */;
			path = CodeP.xcdatamodeld;
			sourceTree = "<group>";
			versionGroupType = wrapper.xcdatamodel;
		};
/* End XCVersionGroup section */
	};
	rootObject = 8B18A57E1D01D7EA009E1F06 /* Project object */;
}
